
Microsoft Visual Studio Solution File, Format Version 12.00
# Visual Studio 14
VisualStudioVersion = 14.0.23107.0
MinimumVisualStudioVersion = 10.0.40219.1
Project("{FAE04EC0-301F-11D3-BF4B-00C04F79EFBC}") = "01.Permutations", "01.Permutations\01.Permutations.csproj", "{E2FE81A5-358A-4A35-99E6-F7608B1C9A41}"
EndProject
Project("{FAE04EC0-301F-11D3-BF4B-00C04F79EFBC}") = "02.GeneratePermutationsIteratively", "02.GeneratePermutationsIteratively\02.GeneratePermutationsIteratively.csproj", "{CA4C5E24-2D6F-4068-8537-2BFBCD16B144}"
EndProject
Project("{FAE04EC0-301F-11D3-BF4B-00C04F79EFBC}") = "03.GenerateCombinationsIteratively", "03.GenerateCombinationsIteratively\03.GenerateCombinationsIteratively.csproj", "{AEB82A3D-75FC-409A-9B8F-3D1C8BE921B3}"
EndProject
Project("{FAE04EC0-301F-11D3-BF4B-00C04F79EFBC}") = "04.GenerateSubsetsOfStringArray", "04.GenerateSubsetsOfStringArray\04.GenerateSubsetsOfStringArray.csproj", "{37DAC692-ED01-4510-A194-6820E2930D53}"
EndProject
Project("{FAE04EC0-301F-11D3-BF4B-00C04F79EFBC}") = "05.PermutationsWithRepetition", "05.PermutationsWithRepetition\05.PermutationsWithRepetition.csproj", "{2B4ACE24-59FA-40E7-906E-F84DFDC1D08A}"
EndProject
Project("{FAE04EC0-301F-11D3-BF4B-00C04F79EFBC}") = "06.Snakes", "06.Snakes\06.Snakes.csproj", "{AE3EE4D0-408B-4E70-AAD9-780EEE305B53}"
EndProject
Project("{FAE04EC0-301F-11D3-BF4B-00C04F79EFBC}") = "07.Cubes", "07.Cubes\07.Cubes.csproj", "{C19BD797-D47F-4ED5-ABF2-B78E7AA071E2}"
EndProject
Global
	GlobalSection(SolutionConfigurationPlatforms) = preSolution
		Debug|Any CPU = Debug|Any CPU
		Release|Any CPU = Release|Any CPU
	EndGlobalSection
	GlobalSection(ProjectConfigurationPlatforms) = postSolution
		{E2FE81A5-358A-4A35-99E6-F7608B1C9A41}.Debug|Any CPU.ActiveCfg = Debug|Any CPU
		{E2FE81A5-358A-4A35-99E6-F7608B1C9A41}.Debug|Any CPU.Build.0 = Debug|Any CPU
		{E2FE81A5-358A-4A35-99E6-F7608B1C9A41}.Release|Any CPU.ActiveCfg = Release|Any CPU
		{E2FE81A5-358A-4A35-99E6-F7608B1C9A41}.Release|Any CPU.Build.0 = Release|Any CPU
		{CA4C5E24-2D6F-4068-8537-2BFBCD16B144}.Debug|Any CPU.ActiveCfg = Debug|Any CPU
		{CA4C5E24-2D6F-4068-8537-2BFBCD16B144}.Debug|Any CPU.Build.0 = Debug|Any CPU
		{CA4C5E24-2D6F-4068-8537-2BFBCD16B144}.Release|Any CPU.ActiveCfg = Release|Any CPU
		{CA4C5E24-2D6F-4068-8537-2BFBCD16B144}.Release|Any CPU.Build.0 = Release|Any CPU
		{AEB82A3D-75FC-409A-9B8F-3D1C8BE921B3}.Debug|Any CPU.ActiveCfg = Debug|Any CPU
		{AEB82A3D-75FC-409A-9B8F-3D1C8BE921B3}.Debug|Any CPU.Build.0 = Debug|Any CPU
		{AEB82A3D-75FC-409A-9B8F-3D1C8BE921B3}.Release|Any CPU.ActiveCfg = Release|Any CPU
		{AEB82A3D-75FC-409A-9B8F-3D1C8BE921B3}.Release|Any CPU.Build.0 = Release|Any CPU
		{37DAC692-ED01-4510-A194-6820E2930D53}.Debug|Any CPU.ActiveCfg = Debug|Any CPU
		{37DAC692-ED01-4510-A194-6820E2930D53}.Debug|Any CPU.Build.0 = Debug|Any CPU
		{37DAC692-ED01-4510-A194-6820E2930D53}.Release|Any CPU.ActiveCfg = Release|Any CPU
		{37DAC692-ED01-4510-A194-6820E2930D53}.Release|Any CPU.Build.0 = Release|Any CPU
		{2B4ACE24-59FA-40E7-906E-F84DFDC1D08A}.Debug|Any CPU.ActiveCfg = Debug|Any CPU
		{2B4ACE24-59FA-40E7-906E-F84DFDC1D08A}.Debug|Any CPU.Build.0 = Debug|Any CPU
		{2B4ACE24-59FA-40E7-906E-F84DFDC1D08A}.Release|Any CPU.ActiveCfg = Release|Any CPU
		{2B4ACE24-59FA-40E7-906E-F84DFDC1D08A}.Release|Any CPU.Build.0 = Release|Any CPU
		{AE3EE4D0-408B-4E70-AAD9-780EEE305B53}.Debug|Any CPU.ActiveCfg = Debug|Any CPU
		{AE3EE4D0-408B-4E70-AAD9-780EEE305B53}.Debug|Any CPU.Build.0 = Debug|Any CPU
		{AE3EE4D0-408B-4E70-AAD9-780EEE305B53}.Release|Any CPU.ActiveCfg = Release|Any CPU
		{AE3EE4D0-408B-4E70-AAD9-780EEE305B53}.Release|Any CPU.Build.0 = Release|Any CPU
		{C19BD797-D47F-4ED5-ABF2-B78E7AA071E2}.Debug|Any CPU.ActiveCfg = Debug|Any CPU
		{C19BD797-D47F-4ED5-ABF2-B78E7AA071E2}.Debug|Any CPU.Build.0 = Debug|Any CPU
		{C19BD797-D47F-4ED5-ABF2-B78E7AA071E2}.Release|Any CPU.ActiveCfg = Release|Any CPU
		{C19BD797-D47F-4ED5-ABF2-B78E7AA071E2}.Release|Any CPU.Build.0 = Release|Any CPU
	EndGlobalSection
	GlobalSection(SolutionProperties) = preSolution
		HideSolutionNode = FALSE
	EndGlobalSection
EndGlobal
